
Microsoft Visual Studio Solution File, Format Version 12.00
# Visual Studio 15
VisualStudioVersion = 15.0.28307.271
MinimumVisualStudioVersion = 10.0.40219.1
Project("{9A19103F-16F7-4668-BE54-9A1E7A4F7556}") = "KutuphaneOtomasyonu", "KutuphaneOtomasyonu\KutuphaneOtomasyonu.csproj", "{08A782F7-2351-43A2-8E41-4F55C0E00A4A}"
EndProject
Project("{FAE04EC0-301F-11D3-BF4B-00C04F79EFBC}") = "UnitTestProject", "UnitTestProject\UnitTestProject.csproj", "{73165299-4AEA-4B7B-9E43-0B8E3D521151}"
EndProject
Global
	GlobalSection(SolutionConfigurationPlatforms) = preSolution
		Debug|Any CPU = Debug|Any CPU
		Release|Any CPU = Release|Any CPU
	EndGlobalSection
	GlobalSection(ProjectConfigurationPlatforms) = postSolution
		{08A782F7-2351-43A2-8E41-4F55C0E00A4A}.Debug|Any CPU.ActiveCfg = Debug|Any CPU
		{08A782F7-2351-43A2-8E41-4F55C0E00A4A}.Debug|Any CPU.Build.0 = Debug|Any CPU
		{08A782F7-2351-43A2-8E41-4F55C0E00A4A}.Release|Any CPU.ActiveCfg = Release|Any CPU
		{08A782F7-2351-43A2-8E41-4F55C0E00A4A}.Release|Any CPU.Build.0 = Release|Any CPU
		{73165299-4AEA-4B7B-9E43-0B8E3D521151}.Debug|Any CPU.ActiveCfg = Debug|Any CPU
		{73165299-4AEA-4B7B-9E43-0B8E3D521151}.Debug|Any CPU.Build.0 = Debug|Any CPU
		{73165299-4AEA-4B7B-9E43-0B8E3D521151}.Release|Any CPU.ActiveCfg = Release|Any CPU
		{73165299-4AEA-4B7B-9E43-0B8E3D521151}.Release|Any CPU.Build.0 = Release|Any CPU
	EndGlobalSection
	GlobalSection(SolutionProperties) = preSolution
		HideSolutionNode = FALSE
	EndGlobalSection
	GlobalSection(ExtensibilityGlobals) = postSolution
		SolutionGuid = {1E5CBE5C-9A71-4F4B-B04D-1F710AA981D2}
	EndGlobalSection
EndGlobal
